// !$*UTF8*$!
{
	archiveVersion = 1;
	classes = {
	};
	objectVersion = 50;
	objects = {

/* Begin PBXBuildFile section */
		431D0E4657F876567879E57C /* libPods-CustomUIComponent.a in Frameworks */ = {isa = PBXBuildFile; fileRef = 931DF751CBFFFDC09638CB73 /* libPods-CustomUIComponent.a */; };
		845B1267242A19ED0049D203 /* AppDelegate.swift in Sources */ = {isa = PBXBuildFile; fileRef = 845B1266242A19ED0049D203 /* AppDelegate.swift */; };
		845B1269242A19ED0049D203 /* SceneDelegate.swift in Sources */ = {isa = PBXBuildFile; fileRef = 845B1268242A19ED0049D203 /* SceneDelegate.swift */; };
		845B126B242A19ED0049D203 /* ViewController.swift in Sources */ = {isa = PBXBuildFile; fileRef = 845B126A242A19ED0049D203 /* ViewController.swift */; };
		845B126E242A19ED0049D203 /* Main.storyboard in Resources */ = {isa = PBXBuildFile; fileRef = 845B126C242A19ED0049D203 /* Main.storyboard */; };
		845B1271242A19ED0049D203 /* CustomUIComponent.xcdatamodeld in Sources */ = {isa = PBXBuildFile; fileRef = 845B126F242A19ED0049D203 /* CustomUIComponent.xcdatamodeld */; };
		845B1273242A19EF0049D203 /* Assets.xcassets in Resources */ = {isa = PBXBuildFile; fileRef = 845B1272242A19EF0049D203 /* Assets.xcassets */; };
		845B1276242A19EF0049D203 /* LaunchScreen.storyboard in Resources */ = {isa = PBXBuildFile; fileRef = 845B1274242A19EF0049D203 /* LaunchScreen.storyboard */; };
		845B1281242A19EF0049D203 /* CustomUIComponentTests.swift in Sources */ = {isa = PBXBuildFile; fileRef = 845B1280242A19EF0049D203 /* CustomUIComponentTests.swift */; };
		845B128C242A19F00049D203 /* CustomUIComponentUITests.swift in Sources */ = {isa = PBXBuildFile; fileRef = 845B128B242A19F00049D203 /* CustomUIComponentUITests.swift */; };
		845B129A242A1AD20049D203 /* CustomUI.framework in Frameworks */ = {isa = PBXBuildFile; fileRef = 845B1299242A1AD20049D203 /* CustomUI.framework */; };
		845B129B242A1AD20049D203 /* CustomUI.framework in Embed Frameworks */ = {isa = PBXBuildFile; fileRef = 845B1299242A1AD20049D203 /* CustomUI.framework */; settings = {ATTRIBUTES = (CodeSignOnCopy, RemoveHeadersOnCopy, ); }; };
		845B12A5242A1ED40049D203 /* NSLayoutConstraint+utils.m in Sources */ = {isa = PBXBuildFile; fileRef = 845B12A4242A1ED40049D203 /* NSLayoutConstraint+utils.m */; };
		845B12B5242A1FDE0049D203 /* SwitchThumbView.m in Sources */ = {isa = PBXBuildFile; fileRef = 845B12A7242A1FDD0049D203 /* SwitchThumbView.m */; };
		845B12B6242A1FDE0049D203 /* CustomThumbView.swift in Sources */ = {isa = PBXBuildFile; fileRef = 845B12A9242A1FDE0049D203 /* CustomThumbView.swift */; };
		845B12B7242A1FDE0049D203 /* SwitchControl.m in Sources */ = {isa = PBXBuildFile; fileRef = 845B12AA242A1FDE0049D203 /* SwitchControl.m */; };
		845B12B8242A1FDE0049D203 /* TitleBar.m in Sources */ = {isa = PBXBuildFile; fileRef = 845B12AC242A1FDE0049D203 /* TitleBar.m */; };
		845B12B9242A1FDE0049D203 /* TabBarItem.m in Sources */ = {isa = PBXBuildFile; fileRef = 845B12AE242A1FDE0049D203 /* TabBarItem.m */; };
		845B12BA242A1FDE0049D203 /* CustomSwitch.swift in Sources */ = {isa = PBXBuildFile; fileRef = 845B12AF242A1FDE0049D203 /* CustomSwitch.swift */; };
		845B12BB242A1FDE0049D203 /* TabBar.m in Sources */ = {isa = PBXBuildFile; fileRef = 845B12B2242A1FDE0049D203 /* TabBar.m */; };
		845B12BC242A1FDE0049D203 /* SwitchButton.m in Sources */ = {isa = PBXBuildFile; fileRef = 845B12B3242A1FDE0049D203 /* SwitchButton.m */; };
		845B12C1242A204E0049D203 /* ModeAndAutomationViewController.m in Sources */ = {isa = PBXBuildFile; fileRef = 845B12BD242A204D0049D203 /* ModeAndAutomationViewController.m */; };
		845B12C2242A204E0049D203 /* ModeViewController.swift in Sources */ = {isa = PBXBuildFile; fileRef = 845B12BE242A204E0049D203 /* ModeViewController.swift */; };
		845B12C3242A204E0049D203 /* AutomationViewController.swift in Sources */ = {isa = PBXBuildFile; fileRef = 845B12BF242A204E0049D203 /* AutomationViewController.swift */; };
/* End PBXBuildFile section */

/* Begin PBXContainerItemProxy section */
		845B127D242A19EF0049D203 /* PBXContainerItemProxy */ = {
			isa = PBXContainerItemProxy;
			containerPortal = 845B125B242A19ED0049D203 /* Project object */;
			proxyType = 1;
			remoteGlobalIDString = 845B1262242A19ED0049D203;
			remoteInfo = CustomUIComponent;
		};
		845B1288242A19F00049D203 /* PBXContainerItemProxy */ = {
			isa = PBXContainerItemProxy;
			containerPortal = 845B125B242A19ED0049D203 /* Project object */;
			proxyType = 1;
			remoteGlobalIDString = 845B1262242A19ED0049D203;
			remoteInfo = CustomUIComponent;
		};
/* End PBXContainerItemProxy section */

/* Begin PBXCopyFilesBuildPhase section */
		845B129C242A1AD20049D203 /* Embed Frameworks */ = {
			isa = PBXCopyFilesBuildPhase;
			buildActionMask = 2147483647;
			dstPath = "";
			dstSubfolderSpec = 10;
			files = (
				845B129B242A1AD20049D203 /* CustomUI.framework in Embed Frameworks */,
			);
			name = "Embed Frameworks";
			runOnlyForDeploymentPostprocessing = 0;
		};
/* End PBXCopyFilesBuildPhase section */

/* Begin PBXFileReference section */
		10D7F0297E45FD3C49C7928B /* Pods-CustomUIComponent.debug.xcconfig */ = {isa = PBXFileReference; includeInIndex = 1; lastKnownFileType = text.xcconfig; name = "Pods-CustomUIComponent.debug.xcconfig"; path = "Target Support Files/Pods-CustomUIComponent/Pods-CustomUIComponent.debug.xcconfig"; sourceTree = "<group>"; };
		845B1263242A19ED0049D203 /* CustomUIComponent.app */ = {isa = PBXFileReference; explicitFileType = wrapper.application; includeInIndex = 0; path = CustomUIComponent.app; sourceTree = BUILT_PRODUCTS_DIR; };
		845B1266242A19ED0049D203 /* AppDelegate.swift */ = {isa = PBXFileReference; lastKnownFileType = sourcecode.swift; path = AppDelegate.swift; sourceTree = "<group>"; };
		845B1268242A19ED0049D203 /* SceneDelegate.swift */ = {isa = PBXFileReference; lastKnownFileType = sourcecode.swift; path = SceneDelegate.swift; sourceTree = "<group>"; };
		845B126A242A19ED0049D203 /* ViewController.swift */ = {isa = PBXFileReference; lastKnownFileType = sourcecode.swift; path = ViewController.swift; sourceTree = "<group>"; };
		845B126D242A19ED0049D203 /* Base */ = {isa = PBXFileReference; lastKnownFileType = file.storyboard; name = Base; path = Base.lproj/Main.storyboard; sourceTree = "<group>"; };
		845B1270242A19ED0049D203 /* CustomUIComponent.xcdatamodel */ = {isa = PBXFileReference; lastKnownFileType = wrapper.xcdatamodel; path = CustomUIComponent.xcdatamodel; sourceTree = "<group>"; };
		845B1272242A19EF0049D203 /* Assets.xcassets */ = {isa = PBXFileReference; lastKnownFileType = folder.assetcatalog; path = Assets.xcassets; sourceTree = "<group>"; };
		845B1275242A19EF0049D203 /* Base */ = {isa = PBXFileReference; lastKnownFileType = file.storyboard; name = Base; path = Base.lproj/LaunchScreen.storyboard; sourceTree = "<group>"; };
		845B1277242A19EF0049D203 /* Info.plist */ = {isa = PBXFileReference; lastKnownFileType = text.plist.xml; path = Info.plist; sourceTree = "<group>"; };
		845B127C242A19EF0049D203 /* CustomUIComponentTests.xctest */ = {isa = PBXFileReference; explicitFileType = wrapper.cfbundle; includeInIndex = 0; path = CustomUIComponentTests.xctest; sourceTree = BUILT_PRODUCTS_DIR; };
		845B1280242A19EF0049D203 /* CustomUIComponentTests.swift */ = {isa = PBXFileReference; lastKnownFileType = sourcecode.swift; path = CustomUIComponentTests.swift; sourceTree = "<group>"; };
		845B1282242A19EF0049D203 /* Info.plist */ = {isa = PBXFileReference; lastKnownFileType = text.plist.xml; path = Info.plist; sourceTree = "<group>"; };
		845B1287242A19F00049D203 /* CustomUIComponentUITests.xctest */ = {isa = PBXFileReference; explicitFileType = wrapper.cfbundle; includeInIndex = 0; path = CustomUIComponentUITests.xctest; sourceTree = BUILT_PRODUCTS_DIR; };
		845B128B242A19F00049D203 /* CustomUIComponentUITests.swift */ = {isa = PBXFileReference; lastKnownFileType = sourcecode.swift; path = CustomUIComponentUITests.swift; sourceTree = "<group>"; };
		845B128D242A19F00049D203 /* Info.plist */ = {isa = PBXFileReference; lastKnownFileType = text.plist.xml; path = Info.plist; sourceTree = "<group>"; };
		845B1299242A1AD20049D203 /* CustomUI.framework */ = {isa = PBXFileReference; explicitFileType = wrapper.framework; path = CustomUI.framework; sourceTree = BUILT_PRODUCTS_DIR; };
		845B12A3242A1ED40049D203 /* NSLayoutConstraint+utils.h */ = {isa = PBXFileReference; fileEncoding = 4; lastKnownFileType = sourcecode.c.h; path = "NSLayoutConstraint+utils.h"; sourceTree = "<group>"; };
		845B12A4242A1ED40049D203 /* NSLayoutConstraint+utils.m */ = {isa = PBXFileReference; fileEncoding = 4; lastKnownFileType = sourcecode.c.objc; path = "NSLayoutConstraint+utils.m"; sourceTree = "<group>"; };
		845B12A7242A1FDD0049D203 /* SwitchThumbView.m */ = {isa = PBXFileReference; fileEncoding = 4; lastKnownFileType = sourcecode.c.objc; path = SwitchThumbView.m; sourceTree = "<group>"; };
		845B12A8242A1FDE0049D203 /* SwitchThumbView.h */ = {isa = PBXFileReference; fileEncoding = 4; lastKnownFileType = sourcecode.c.h; path = SwitchThumbView.h; sourceTree = "<group>"; };
		845B12A9242A1FDE0049D203 /* CustomThumbView.swift */ = {isa = PBXFileReference; fileEncoding = 4; lastKnownFileType = sourcecode.swift; path = CustomThumbView.swift; sourceTree = "<group>"; };
		845B12AA242A1FDE0049D203 /* SwitchControl.m */ = {isa = PBXFileReference; fileEncoding = 4; lastKnownFileType = sourcecode.c.objc; path = SwitchControl.m; sourceTree = "<group>"; };
		845B12AB242A1FDE0049D203 /* TitleBar.h */ = {isa = PBXFileReference; fileEncoding = 4; lastKnownFileType = sourcecode.c.h; path = TitleBar.h; sourceTree = "<group>"; };
		845B12AC242A1FDE0049D203 /* TitleBar.m */ = {isa = PBXFileReference; fileEncoding = 4; lastKnownFileType = sourcecode.c.objc; path = TitleBar.m; sourceTree = "<group>"; };
		845B12AD242A1FDE0049D203 /* SwitchButton.h */ = {isa = PBXFileReference; fileEncoding = 4; lastKnownFileType = sourcecode.c.h; path = SwitchButton.h; sourceTree = "<group>"; };
		845B12AE242A1FDE0049D203 /* TabBarItem.m */ = {isa = PBXFileReference; fileEncoding = 4; lastKnownFileType = sourcecode.c.objc; path = TabBarItem.m; sourceTree = "<group>"; };
		845B12AF242A1FDE0049D203 /* CustomSwitch.swift */ = {isa = PBXFileReference; fileEncoding = 4; lastKnownFileType = sourcecode.swift; path = CustomSwitch.swift; sourceTree = "<group>"; };
		845B12B0242A1FDE0049D203 /* SwitchControl.h */ = {isa = PBXFileReference; fileEncoding = 4; lastKnownFileType = sourcecode.c.h; path = SwitchControl.h; sourceTree = "<group>"; };
		845B12B1242A1FDE0049D203 /* TabBarItem.h */ = {isa = PBXFileReference; fileEncoding = 4; lastKnownFileType = sourcecode.c.h; path = TabBarItem.h; sourceTree = "<group>"; };
		845B12B2242A1FDE0049D203 /* TabBar.m */ = {isa = PBXFileReference; fileEncoding = 4; lastKnownFileType = sourcecode.c.objc; path = TabBar.m; sourceTree = "<group>"; };
		845B12B3242A1FDE0049D203 /* SwitchButton.m */ = {isa = PBXFileReference; fileEncoding = 4; lastKnownFileType = sourcecode.c.objc; path = SwitchButton.m; sourceTree = "<group>"; };
		845B12B4242A1FDE0049D203 /* TabBar.h */ = {isa = PBXFileReference; fileEncoding = 4; lastKnownFileType = sourcecode.c.h; path = TabBar.h; sourceTree = "<group>"; };
		845B12BD242A204D0049D203 /* ModeAndAutomationViewController.m */ = {isa = PBXFileReference; fileEncoding = 4; lastKnownFileType = sourcecode.c.objc; path = ModeAndAutomationViewController.m; sourceTree = "<group>"; };
		845B12BE242A204E0049D203 /* ModeViewController.swift */ = {isa = PBXFileReference; fileEncoding = 4; lastKnownFileType = sourcecode.swift; path = ModeViewController.swift; sourceTree = "<group>"; };
		845B12BF242A204E0049D203 /* AutomationViewController.swift */ = {isa = PBXFileReference; fileEncoding = 4; lastKnownFileType = sourcecode.swift; path = AutomationViewController.swift; sourceTree = "<group>"; };
		845B12C0242A204E0049D203 /* ModeAndAutomationViewController.h */ = {isa = PBXFileReference; fileEncoding = 4; lastKnownFileType = sourcecode.c.h; path = ModeAndAutomationViewController.h; sourceTree = "<group>"; };
		845B12C4242A20E20049D203 /* CustomUIComponent-Bridging-Header.h */ = {isa = PBXFileReference; fileEncoding = 4; lastKnownFileType = sourcecode.c.h; path = "CustomUIComponent-Bridging-Header.h"; sourceTree = "<group>"; };
		931DF751CBFFFDC09638CB73 /* libPods-CustomUIComponent.a */ = {isa = PBXFileReference; explicitFileType = archive.ar; includeInIndex = 0; path = "libPods-CustomUIComponent.a"; sourceTree = BUILT_PRODUCTS_DIR; };
		AD3FA79E2D2E65D1BFFBE4EE /* Pods-CustomUIComponent.release.xcconfig */ = {isa = PBXFileReference; includeInIndex = 1; lastKnownFileType = text.xcconfig; name = "Pods-CustomUIComponent.release.xcconfig"; path = "Target Support Files/Pods-CustomUIComponent/Pods-CustomUIComponent.release.xcconfig"; sourceTree = "<group>"; };
/* End PBXFileReference section */

/* Begin PBXFrameworksBuildPhase section */
		845B1260242A19ED0049D203 /* Frameworks */ = {
			isa = PBXFrameworksBuildPhase;
			buildActionMask = 2147483647;
			files = (
				431D0E4657F876567879E57C /* libPods-CustomUIComponent.a in Frameworks */,
				845B129A242A1AD20049D203 /* CustomUI.framework in Frameworks */,
			);
			runOnlyForDeploymentPostprocessing = 0;
		};
		845B1279242A19EF0049D203 /* Frameworks */ = {
			isa = PBXFrameworksBuildPhase;
			buildActionMask = 2147483647;
			files = (
			);
			runOnlyForDeploymentPostprocessing = 0;
		};
		845B1284242A19F00049D203 /* Frameworks */ = {
			isa = PBXFrameworksBuildPhase;
			buildActionMask = 2147483647;
			files = (
			);
			runOnlyForDeploymentPostprocessing = 0;
		};
/* End PBXFrameworksBuildPhase section */

/* Begin PBXGroup section */
		1506306A5AB9AEC630975C47 /* Pods */ = {
			isa = PBXGroup;
			children = (
				10D7F0297E45FD3C49C7928B /* Pods-CustomUIComponent.debug.xcconfig */,
				AD3FA79E2D2E65D1BFFBE4EE /* Pods-CustomUIComponent.release.xcconfig */,
			);
			path = Pods;
			sourceTree = "<group>";
		};
		3C34FBABC22C0B370B2537EB /* Frameworks */ = {
			isa = PBXGroup;
			children = (
				845B1299242A1AD20049D203 /* CustomUI.framework */,
				931DF751CBFFFDC09638CB73 /* libPods-CustomUIComponent.a */,
			);
			name = Frameworks;
			sourceTree = "<group>";
		};
		845B125A242A19ED0049D203 = {
			isa = PBXGroup;
			children = (
				845B1265242A19ED0049D203 /* CustomUIComponent */,
				845B127F242A19EF0049D203 /* CustomUIComponentTests */,
				845B128A242A19F00049D203 /* CustomUIComponentUITests */,
				845B1264242A19ED0049D203 /* Products */,
				1506306A5AB9AEC630975C47 /* Pods */,
				3C34FBABC22C0B370B2537EB /* Frameworks */,
			);
			sourceTree = "<group>";
		};
		845B1264242A19ED0049D203 /* Products */ = {
			isa = PBXGroup;
			children = (
				845B1263242A19ED0049D203 /* CustomUIComponent.app */,
				845B127C242A19EF0049D203 /* CustomUIComponentTests.xctest */,
				845B1287242A19F00049D203 /* CustomUIComponentUITests.xctest */,
			);
			name = Products;
			sourceTree = "<group>";
		};
		845B1265242A19ED0049D203 /* CustomUIComponent */ = {
			isa = PBXGroup;
			children = (
				845B129D242A1B460049D203 /* App */,
				845B129F242A1BE00049D203 /* Model */,
				845B12A6242A1FAF0049D203 /* CustomView */,
				845B12A0242A1C160049D203 /* ViewController */,
				845B129E242A1B9D0049D203 /* Resources */,
			);
			path = CustomUIComponent;
			sourceTree = "<group>";
		};
		845B127F242A19EF0049D203 /* CustomUIComponentTests */ = {
			isa = PBXGroup;
			children = (
				845B1280242A19EF0049D203 /* CustomUIComponentTests.swift */,
				845B1282242A19EF0049D203 /* Info.plist */,
			);
			path = CustomUIComponentTests;
			sourceTree = "<group>";
		};
		845B128A242A19F00049D203 /* CustomUIComponentUITests */ = {
			isa = PBXGroup;
			children = (
				845B128B242A19F00049D203 /* CustomUIComponentUITests.swift */,
				845B128D242A19F00049D203 /* Info.plist */,
			);
			path = CustomUIComponentUITests;
			sourceTree = "<group>";
		};
		845B129D242A1B460049D203 /* App */ = {
			isa = PBXGroup;
			children = (
				845B1266242A19ED0049D203 /* AppDelegate.swift */,
				845B1268242A19ED0049D203 /* SceneDelegate.swift */,
			);
			path = App;
			sourceTree = "<group>";
		};
		845B129E242A1B9D0049D203 /* Resources */ = {
			isa = PBXGroup;
			children = (
				845B12C4242A20E20049D203 /* CustomUIComponent-Bridging-Header.h */,
				845B126C242A19ED0049D203 /* Main.storyboard */,
				845B1272242A19EF0049D203 /* Assets.xcassets */,
				845B1274242A19EF0049D203 /* LaunchScreen.storyboard */,
				845B1277242A19EF0049D203 /* Info.plist */,
			);
			path = Resources;
			sourceTree = "<group>";
		};
		845B129F242A1BE00049D203 /* Model */ = {
			isa = PBXGroup;
			children = (
				845B12A1242A1EB20049D203 /* Extensions */,
				845B126F242A19ED0049D203 /* CustomUIComponent.xcdatamodeld */,
			);
			path = Model;
			sourceTree = "<group>";
		};
		845B12A0242A1C160049D203 /* ViewController */ = {
			isa = PBXGroup;
			children = (
				845B126A242A19ED0049D203 /* ViewController.swift */,
				845B12BF242A204E0049D203 /* AutomationViewController.swift */,
				845B12C0242A204E0049D203 /* ModeAndAutomationViewController.h */,
				845B12BD242A204D0049D203 /* ModeAndAutomationViewController.m */,
				845B12BE242A204E0049D203 /* ModeViewController.swift */,
			);
			path = ViewController;
			sourceTree = "<group>";
		};
		845B12A1242A1EB20049D203 /* Extensions */ = {
			isa = PBXGroup;
			children = (
				845B12A3242A1ED40049D203 /* NSLayoutConstraint+utils.h */,
				845B12A4242A1ED40049D203 /* NSLayoutConstraint+utils.m */,
			);
			path = Extensions;
			sourceTree = "<group>";
		};
		845B12A6242A1FAF0049D203 /* CustomView */ = {
			isa = PBXGroup;
			children = (
				845B12AF242A1FDE0049D203 /* CustomSwitch.swift */,
				845B12A9242A1FDE0049D203 /* CustomThumbView.swift */,
				845B12AD242A1FDE0049D203 /* SwitchButton.h */,
				845B12B3242A1FDE0049D203 /* SwitchButton.m */,
				845B12B0242A1FDE0049D203 /* SwitchControl.h */,
				845B12AA242A1FDE0049D203 /* SwitchControl.m */,
				845B12A8242A1FDE0049D203 /* SwitchThumbView.h */,
				845B12A7242A1FDD0049D203 /* SwitchThumbView.m */,
				845B12B4242A1FDE0049D203 /* TabBar.h */,
				845B12B2242A1FDE0049D203 /* TabBar.m */,
				845B12B1242A1FDE0049D203 /* TabBarItem.h */,
				845B12AE242A1FDE0049D203 /* TabBarItem.m */,
				845B12AB242A1FDE0049D203 /* TitleBar.h */,
				845B12AC242A1FDE0049D203 /* TitleBar.m */,
			);
			path = CustomView;
			sourceTree = "<group>";
		};
/* End PBXGroup section */

/* Begin PBXNativeTarget section */
		845B1262242A19ED0049D203 /* CustomUIComponent */ = {
			isa = PBXNativeTarget;
			buildConfigurationList = 845B1290242A19F00049D203 /* Build configuration list for PBXNativeTarget "CustomUIComponent" */;
			buildPhases = (
				1E324DA09B7A367894DC3025 /* [CP] Check Pods Manifest.lock */,
				845B125F242A19ED0049D203 /* Sources */,
				845B1260242A19ED0049D203 /* Frameworks */,
				845B1261242A19ED0049D203 /* Resources */,
				845B129C242A1AD20049D203 /* Embed Frameworks */,
			);
			buildRules = (
			);
			dependencies = (
			);
			name = CustomUIComponent;
			productName = CustomUIComponent;
			productReference = 845B1263242A19ED0049D203 /* CustomUIComponent.app */;
			productType = "com.apple.product-type.application";
		};
		845B127B242A19EF0049D203 /* CustomUIComponentTests */ = {
			isa = PBXNativeTarget;
			buildConfigurationList = 845B1293242A19F00049D203 /* Build configuration list for PBXNativeTarget "CustomUIComponentTests" */;
			buildPhases = (
				845B1278242A19EF0049D203 /* Sources */,
				845B1279242A19EF0049D203 /* Frameworks */,
				845B127A242A19EF0049D203 /* Resources */,
			);
			buildRules = (
			);
			dependencies = (
				845B127E242A19EF0049D203 /* PBXTargetDependency */,
			);
			name = CustomUIComponentTests;
			productName = CustomUIComponentTests;
			productReference = 845B127C242A19EF0049D203 /* CustomUIComponentTests.xctest */;
			productType = "com.apple.product-type.bundle.unit-test";
		};
		845B1286242A19F00049D203 /* CustomUIComponentUITests */ = {
			isa = PBXNativeTarget;
			buildConfigurationList = 845B1296242A19F00049D203 /* Build configuration list for PBXNativeTarget "CustomUIComponentUITests" */;
			buildPhases = (
				845B1283242A19F00049D203 /* Sources */,
				845B1284242A19F00049D203 /* Frameworks */,
				845B1285242A19F00049D203 /* Resources */,
			);
			buildRules = (
			);
			dependencies = (
				845B1289242A19F00049D203 /* PBXTargetDependency */,
			);
			name = CustomUIComponentUITests;
			productName = CustomUIComponentUITests;
			productReference = 845B1287242A19F00049D203 /* CustomUIComponentUITests.xctest */;
			productType = "com.apple.product-type.bundle.ui-testing";
		};
/* End PBXNativeTarget section */

/* Begin PBXProject section */
		845B125B242A19ED0049D203 /* Project object */ = {
			isa = PBXProject;
			attributes = {
				LastSwiftUpdateCheck = 1130;
				LastUpgradeCheck = 1130;
				ORGANIZATIONNAME = SinoLab;
				TargetAttributes = {
					845B1262242A19ED0049D203 = {
						CreatedOnToolsVersion = 11.3.1;
						LastSwiftMigration = 1130;
					};
					845B127B242A19EF0049D203 = {
						CreatedOnToolsVersion = 11.3.1;
						TestTargetID = 845B1262242A19ED0049D203;
					};
					845B1286242A19F00049D203 = {
						CreatedOnToolsVersion = 11.3.1;
						TestTargetID = 845B1262242A19ED0049D203;
					};
				};
			};
			buildConfigurationList = 845B125E242A19ED0049D203 /* Build configuration list for PBXProject "CustomUIComponent" */;
			compatibilityVersion = "Xcode 9.3";
			developmentRegion = en;
			hasScannedForEncodings = 0;
			knownRegions = (
				en,
				Base,
			);
			mainGroup = 845B125A242A19ED0049D203;
			productRefGroup = 845B1264242A19ED0049D203 /* Products */;
			projectDirPath = "";
			projectRoot = "";
			targets = (
				845B1262242A19ED0049D203 /* CustomUIComponent */,
				845B127B242A19EF0049D203 /* CustomUIComponentTests */,
				845B1286242A19F00049D203 /* CustomUIComponentUITests */,
			);
		};
/* End PBXProject section */

/* Begin PBXResourcesBuildPhase section */
		845B1261242A19ED0049D203 /* Resources */ = {
			isa = PBXResourcesBuildPhase;
			buildActionMask = 2147483647;
			files = (
				845B1276242A19EF0049D203 /* LaunchScreen.storyboard in Resources */,
				845B1273242A19EF0049D203 /* Assets.xcassets in Resources */,
				845B126E242A19ED0049D203 /* Main.storyboard in Resources */,
			);
			runOnlyForDeploymentPostprocessing = 0;
		};
		845B127A242A19EF0049D203 /* Resources */ = {
			isa = PBXResourcesBuildPhase;
			buildActionMask = 2147483647;
			files = (
			);
			runOnlyForDeploymentPostprocessing = 0;
		};
		845B1285242A19F00049D203 /* Resources */ = {
			isa = PBXResourcesBuildPhase;
			buildActionMask = 2147483647;
			files = (
			);
			runOnlyForDeploymentPostprocessing = 0;
		};
/* End PBXResourcesBuildPhase section */

/* Begin PBXShellScriptBuildPhase section */
		1E324DA09B7A367894DC3025 /* [CP] Check Pods Manifest.lock */ = {
			isa = PBXShellScriptBuildPhase;
			buildActionMask = 2147483647;
			files = (
			);
			inputFileListPaths = (
			);
			inputPaths = (
				"${PODS_PODFILE_DIR_PATH}/Podfile.lock",
				"${PODS_ROOT}/Manifest.lock",
			);
			name = "[CP] Check Pods Manifest.lock";
			outputFileListPaths = (
			);
			outputPaths = (
				"$(DERIVED_FILE_DIR)/Pods-CustomUIComponent-checkManifestLockResult.txt",
			);
			runOnlyForDeploymentPostprocessing = 0;
			shellPath = /bin/sh;
			shellScript = "diff \"${PODS_PODFILE_DIR_PATH}/Podfile.lock\" \"${PODS_ROOT}/Manifest.lock\" > /dev/null\nif [ $? != 0 ] ; then\n    # print error to STDERR\n    echo \"error: The sandbox is not in sync with the Podfile.lock. Run 'pod install' or update your CocoaPods installation.\" >&2\n    exit 1\nfi\n# This output is used by Xcode 'outputs' to avoid re-running this script phase.\necho \"SUCCESS\" > \"${SCRIPT_OUTPUT_FILE_0}\"\n";
			showEnvVarsInLog = 0;
		};
/* End PBXShellScriptBuildPhase section */

/* Begin PBXSourcesBuildPhase section */
		845B125F242A19ED0049D203 /* Sources */ = {
			isa = PBXSourcesBuildPhase;
			buildActionMask = 2147483647;
			files = (
				845B12BA242A1FDE0049D203 /* CustomSwitch.swift in Sources */,
				845B12B9242A1FDE0049D203 /* TabBarItem.m in Sources */,
				845B12C1242A204E0049D203 /* ModeAndAutomationViewController.m in Sources */,
				845B12A5242A1ED40049D203 /* NSLayoutConstraint+utils.m in Sources */,
				845B12C2242A204E0049D203 /* ModeViewController.swift in Sources */,
				845B12BB242A1FDE0049D203 /* TabBar.m in Sources */,
				845B126B242A19ED0049D203 /* ViewController.swift in Sources */,
				845B1267242A19ED0049D203 /* AppDelegate.swift in Sources */,
				845B12B6242A1FDE0049D203 /* CustomThumbView.swift in Sources */,
				845B12C3242A204E0049D203 /* AutomationViewController.swift in Sources */,
				845B1271242A19ED0049D203 /* CustomUIComponent.xcdatamodeld in Sources */,
				845B12B7242A1FDE0049D203 /* SwitchControl.m in Sources */,
				845B1269242A19ED0049D203 /* SceneDelegate.swift in Sources */,
				845B12B5242A1FDE0049D203 /* SwitchThumbView.m in Sources */,
				845B12BC242A1FDE0049D203 /* SwitchButton.m in Sources */,
				845B12B8242A1FDE0049D203 /* TitleBar.m in Sources */,
			);
			runOnlyForDeploymentPostprocessing = 0;
		};
		845B1278242A19EF0049D203 /* Sources */ = {
			isa = PBXSourcesBuildPhase;
			buildActionMask = 2147483647;
			files = (
				845B1281242A19EF0049D203 /* CustomUIComponentTests.swift in Sources */,
			);
			runOnlyForDeploymentPostprocessing = 0;
		};
		845B1283242A19F00049D203 /* Sources */ = {
			isa = PBXSourcesBuildPhase;
			buildActionMask = 2147483647;
			files = (
				845B128C242A19F00049D203 /* CustomUIComponentUITests.swift in Sources */,
			);
			runOnlyForDeploymentPostprocessing = 0;
		};
/* End PBXSourcesBuildPhase section */

/* Begin PBXTargetDependency section */
		845B127E242A19EF0049D203 /* PBXTargetDependency */ = {
			isa = PBXTargetDependency;
			target = 845B1262242A19ED0049D203 /* CustomUIComponent */;
			targetProxy = 845B127D242A19EF0049D203 /* PBXContainerItemProxy */;
		};
		845B1289242A19F00049D203 /* PBXTargetDependency */ = {
			isa = PBXTargetDependency;
			target = 845B1262242A19ED0049D203 /* CustomUIComponent */;
			targetProxy = 845B1288242A19F00049D203 /* PBXContainerItemProxy */;
		};
/* End PBXTargetDependency section */

/* Begin PBXVariantGroup section */
		845B126C242A19ED0049D203 /* Main.storyboard */ = {
			isa = PBXVariantGroup;
			children = (
				845B126D242A19ED0049D203 /* Base */,
			);
			name = Main.storyboard;
			sourceTree = "<group>";
		};
		845B1274242A19EF0049D203 /* LaunchScreen.storyboard */ = {
			isa = PBXVariantGroup;
			children = (
				845B1275242A19EF0049D203 /* Base */,
			);
			name = LaunchScreen.storyboard;
			sourceTree = "<group>";
		};
/* End PBXVariantGroup section */

/* Begin XCBuildConfiguration section */
		845B128E242A19F00049D203 /* Debug */ = {
			isa = XCBuildConfiguration;
			buildSettings = {
				ALWAYS_SEARCH_USER_PATHS = NO;
				CLANG_ANALYZER_NONNULL = YES;
				CLANG_ANALYZER_NUMBER_OBJECT_CONVERSION = YES_AGGRESSIVE;
				CLANG_CXX_LANGUAGE_STANDARD = "gnu++14";
				CLANG_CXX_LIBRARY = "libc++";
				CLANG_ENABLE_MODULES = YES;
				CLANG_ENABLE_OBJC_ARC = YES;
				CLANG_ENABLE_OBJC_WEAK = YES;
				CLANG_WARN_BLOCK_CAPTURE_AUTORELEASING = YES;
				CLANG_WARN_BOOL_CONVERSION = YES;
				CLANG_WARN_COMMA = YES;
				CLANG_WARN_CONSTANT_CONVERSION = YES;
				CLANG_WARN_DEPRECATED_OBJC_IMPLEMENTATIONS = YES;
				CLANG_WARN_DIRECT_OBJC_ISA_USAGE = YES_ERROR;
				CLANG_WARN_DOCUMENTATION_COMMENTS = YES;
				CLANG_WARN_EMPTY_BODY = YES;
				CLANG_WARN_ENUM_CONVERSION = YES;
				CLANG_WARN_INFINITE_RECURSION = YES;
				CLANG_WARN_INT_CONVERSION = YES;
				CLANG_WARN_NON_LITERAL_NULL_CONVERSION = YES;
				CLANG_WARN_OBJC_IMPLICIT_RETAIN_SELF = YES;
				CLANG_WARN_OBJC_LITERAL_CONVERSION = YES;
				CLANG_WARN_OBJC_ROOT_CLASS = YES_ERROR;
				CLANG_WARN_RANGE_LOOP_ANALYSIS = YES;
				CLANG_WARN_STRICT_PROTOTYPES = YES;
				CLANG_WARN_SUSPICIOUS_MOVE = YES;
				CLANG_WARN_UNGUARDED_AVAILABILITY = YES_AGGRESSIVE;
				CLANG_WARN_UNREACHABLE_CODE = YES;
				CLANG_WARN__DUPLICATE_METHOD_MATCH = YES;
				COPY_PHASE_STRIP = NO;
				DEBUG_INFORMATION_FORMAT = dwarf;
				ENABLE_STRICT_OBJC_MSGSEND = YES;
				ENABLE_TESTABILITY = YES;
				GCC_C_LANGUAGE_STANDARD = gnu11;
				GCC_DYNAMIC_NO_PIC = NO;
				GCC_NO_COMMON_BLOCKS = YES;
				GCC_OPTIMIZATION_LEVEL = 0;
				GCC_PREPROCESSOR_DEFINITIONS = (
					"DEBUG=1",
					"$(inherited)",
				);
				GCC_WARN_64_TO_32_BIT_CONVERSION = YES;
				GCC_WARN_ABOUT_RETURN_TYPE = YES_ERROR;
				GCC_WARN_UNDECLARED_SELECTOR = YES;
				GCC_WARN_UNINITIALIZED_AUTOS = YES_AGGRESSIVE;
				GCC_WARN_UNUSED_FUNCTION = YES;
				GCC_WARN_UNUSED_VARIABLE = YES;
				IPHONEOS_DEPLOYMENT_TARGET = 13.2;
				MTL_ENABLE_DEBUG_INFO = INCLUDE_SOURCE;
				MTL_FAST_MATH = YES;
				ONLY_ACTIVE_ARCH = YES;
				SDKROOT = iphoneos;
				SWIFT_ACTIVE_COMPILATION_CONDITIONS = DEBUG;
				SWIFT_OPTIMIZATION_LEVEL = "-Onone";
			};
			name = Debug;
		};
		845B128F242A19F00049D203 /* Release */ = {
			isa = XCBuildConfiguration;
			buildSettings = {
				ALWAYS_SEARCH_USER_PATHS = NO;
				CLANG_ANALYZER_NONNULL = YES;
				CLANG_ANALYZER_NUMBER_OBJECT_CONVERSION = YES_AGGRESSIVE;
				CLANG_CXX_LANGUAGE_STANDARD = "gnu++14";
				CLANG_CXX_LIBRARY = "libc++";
				CLANG_ENABLE_MODULES = YES;
				CLANG_ENABLE_OBJC_ARC = YES;
				CLANG_ENABLE_OBJC_WEAK = YES;
				CLANG_WARN_BLOCK_CAPTURE_AUTORELEASING = YES;
				CLANG_WARN_BOOL_CONVERSION = YES;
				CLANG_WARN_COMMA = YES;
				CLANG_WARN_CONSTANT_CONVERSION = YES;
				CLANG_WARN_DEPRECATED_OBJC_IMPLEMENTATIONS = YES;
				CLANG_WARN_DIRECT_OBJC_ISA_USAGE = YES_ERROR;
				CLANG_WARN_DOCUMENTATION_COMMENTS = YES;
				CLANG_WARN_EMPTY_BODY = YES;
				CLANG_WARN_ENUM_CONVERSION = YES;
				CLANG_WARN_INFINITE_RECURSION = YES;
				CLANG_WARN_INT_CONVERSION = YES;
				CLANG_WARN_NON_LITERAL_NULL_CONVERSION = YES;
				CLANG_WARN_OBJC_IMPLICIT_RETAIN_SELF = YES;
				CLANG_WARN_OBJC_LITERAL_CONVERSION = YES;
				CLANG_WARN_OBJC_ROOT_CLASS = YES_ERROR;
				CLANG_WARN_RANGE_LOOP_ANALYSIS = YES;
				CLANG_WARN_STRICT_PROTOTYPES = YES;
				CLANG_WARN_SUSPICIOUS_MOVE = YES;
				CLANG_WARN_UNGUARDED_AVAILABILITY = YES_AGGRESSIVE;
				CLANG_WARN_UNREACHABLE_CODE = YES;
				CLANG_WARN__DUPLICATE_METHOD_MATCH = YES;
				COPY_PHASE_STRIP = NO;
				DEBUG_INFORMATION_FORMAT = "dwarf-with-dsym";
				ENABLE_NS_ASSERTIONS = NO;
				ENABLE_STRICT_OBJC_MSGSEND = YES;
				GCC_C_LANGUAGE_STANDARD = gnu11;
				GCC_NO_COMMON_BLOCKS = YES;
				GCC_WARN_64_TO_32_BIT_CONVERSION = YES;
				GCC_WARN_ABOUT_RETURN_TYPE = YES_ERROR;
				GCC_WARN_UNDECLARED_SELECTOR = YES;
				GCC_WARN_UNINITIALIZED_AUTOS = YES_AGGRESSIVE;
				GCC_WARN_UNUSED_FUNCTION = YES;
				GCC_WARN_UNUSED_VARIABLE = YES;
				IPHONEOS_DEPLOYMENT_TARGET = 13.2;
				MTL_ENABLE_DEBUG_INFO = NO;
				MTL_FAST_MATH = YES;
				SDKROOT = iphoneos;
				SWIFT_COMPILATION_MODE = wholemodule;
				SWIFT_OPTIMIZATION_LEVEL = "-O";
				VALIDATE_PRODUCT = YES;
			};
			name = Release;
		};
		845B1291242A19F00049D203 /* Debug */ = {
			isa = XCBuildConfiguration;
			baseConfigurationReference = 10D7F0297E45FD3C49C7928B /* Pods-CustomUIComponent.debug.xcconfig */;
			buildSettings = {
				ASSETCATALOG_COMPILER_APPICON_NAME = AppIcon;
				CLANG_ENABLE_MODULES = YES;
				CODE_SIGN_STYLE = Automatic;
				INFOPLIST_FILE = CustomUIComponent/Resources/Info.plist;
				LD_RUNPATH_SEARCH_PATHS = (
					"$(inherited)",
					"@executable_path/Frameworks",
				);
				PRODUCT_BUNDLE_IDENTIFIER = Sino.CustomUIComponent;
				PRODUCT_NAME = "$(TARGET_NAME)";
				SWIFT_OBJC_BRIDGING_HEADER = "CustomUIComponent/Resources/CustomUIComponent-Bridging-Header.h";
				SWIFT_OPTIMIZATION_LEVEL = "-Onone";
				SWIFT_VERSION = 5.0;
				TARGETED_DEVICE_FAMILY = "1,2";
			};
			name = Debug;
		};
		845B1292242A19F00049D203 /* Release */ = {
			isa = XCBuildConfiguration;
			baseConfigurationReference = AD3FA79E2D2E65D1BFFBE4EE /* Pods-CustomUIComponent.release.xcconfig */;
			buildSettings = {
				ASSETCATALOG_COMPILER_APPICON_NAME = AppIcon;
				CLANG_ENABLE_MODULES = YES;
				CODE_SIGN_STYLE = Automatic;
				INFOPLIST_FILE = CustomUIComponent/Resources/Info.plist;
				LD_RUNPATH_SEARCH_PATHS = (
					"$(inherited)",
					"@executable_path/Frameworks",
				);
				PRODUCT_BUNDLE_IDENTIFIER = Sino.CustomUIComponent;
				PRODUCT_NAME = "$(TARGET_NAME)";
				SWIFT_OBJC_BRIDGING_HEADER = "CustomUIComponent/Resources/CustomUIComponent-Bridging-Header.h";
				SWIFT_VERSION = 5.0;
				TARGETED_DEVICE_FAMILY = "1,2";
			};
			name = Release;
		};
		845B1294242A19F00049D203 /* Debug */ = {
			isa = XCBuildConfiguration;
			buildSettings = {
				ALWAYS_EMBED_SWIFT_STANDARD_LIBRARIES = YES;
				BUNDLE_LOADER = "$(TEST_HOST)";
				CODE_SIGN_STYLE = Automatic;
				INFOPLIST_FILE = CustomUIComponentTests/Info.plist;
				IPHONEOS_DEPLOYMENT_TARGET = 13.2;
				LD_RUNPATH_SEARCH_PATHS = (
					"$(inherited)",
					"@executable_path/Frameworks",
					"@loader_path/Frameworks",
				);
				PRODUCT_BUNDLE_IDENTIFIER = Sino.CustomUIComponentTests;
				PRODUCT_NAME = "$(TARGET_NAME)";
				SWIFT_VERSION = 5.0;
				TARGETED_DEVICE_FAMILY = "1,2";
				TEST_HOST = "$(BUILT_PRODUCTS_DIR)/CustomUIComponent.app/CustomUIComponent";
			};
			name = Debug;
		};
		845B1295242A19F00049D203 /* Release */ = {
			isa = XCBuildConfiguration;
			buildSettings = {
				ALWAYS_EMBED_SWIFT_STANDARD_LIBRARIES = YES;
				BUNDLE_LOADER = "$(TEST_HOST)";
				CODE_SIGN_STYLE = Automatic;
				INFOPLIST_FILE = CustomUIComponentTests/Info.plist;
				IPHONEOS_DEPLOYMENT_TARGET = 13.2;
				LD_RUNPATH_SEARCH_PATHS = (
					"$(inherited)",
					"@executable_path/Frameworks",
					"@loader_path/Frameworks",
				);
				PRODUCT_BUNDLE_IDENTIFIER = Sino.CustomUIComponentTests;
				PRODUCT_NAME = "$(TARGET_NAME)";
				SWIFT_VERSION = 5.0;
				TARGETED_DEVICE_FAMILY = "1,2";
				TEST_HOST = "$(BUILT_PRODUCTS_DIR)/CustomUIComponent.app/CustomUIComponent";
			};
			name = Release;
		};
		845B1297242A19F00049D203 /* Debug */ = {
			isa = XCBuildConfiguration;
			buildSettings = {
				ALWAYS_EMBED_SWIFT_STANDARD_LIBRARIES = YES;
				CODE_SIGN_STYLE = Automatic;
				INFOPLIST_FILE = CustomUIComponentUITests/Info.plist;
				LD_RUNPATH_SEARCH_PATHS = (
					"$(inherited)",
					"@executable_path/Frameworks",
					"@loader_path/Frameworks",
				);
				PRODUCT_BUNDLE_IDENTIFIER = Sino.CustomUIComponentUITests;
				PRODUCT_NAME = "$(TARGET_NAME)";
				SWIFT_VERSION = 5.0;
				TARGETED_DEVICE_FAMILY = "1,2";
				TEST_TARGET_NAME = CustomUIComponent;
			};
			name = Debug;
		};
		845B1298242A19F00049D203 /* Release */ = {
			isa = XCBuildConfiguration;
			buildSettings = {
				ALWAYS_EMBED_SWIFT_STANDARD_LIBRARIES = YES;
				CODE_SIGN_STYLE = Automatic;
				INFOPLIST_FILE = CustomUIComponentUITests/Info.plist;
				LD_RUNPATH_SEARCH_PATHS = (
					"$(inherited)",
					"@executable_path/Frameworks",
					"@loader_path/Frameworks",
				);
				PRODUCT_BUNDLE_IDENTIFIER = Sino.CustomUIComponentUITests;
				PRODUCT_NAME = "$(TARGET_NAME)";
				SWIFT_VERSION = 5.0;
				TARGETED_DEVICE_FAMILY = "1,2";
				TEST_TARGET_NAME = CustomUIComponent;
			};
			name = Release;
		};
/* End XCBuildConfiguration section */

/* Begin XCConfigurationList section */
		845B125E242A19ED0049D203 /* Build configuration list for PBXProject "CustomUIComponent" */ = {
			isa = XCConfigurationList;
			buildConfigurations = (
				845B128E242A19F00049D203 /* Debug */,
				845B128F242A19F00049D203 /* Release */,
			);
			defaultConfigurationIsVisible = 0;
			defaultConfigurationName = Release;
		};
		845B1290242A19F00049D203 /* Build configuration list for PBXNativeTarget "CustomUIComponent" */ = {
			isa = XCConfigurationList;
			buildConfigurations = (
				845B1291242A19F00049D203 /* Debug */,
				845B1292242A19F00049D203 /* Release */,
			);
			defaultConfigurationIsVisible = 0;
			defaultConfigurationName = Release;
		};
		845B1293242A19F00049D203 /* Build configuration list for PBXNativeTarget "CustomUIComponentTests" */ = {
			isa = XCConfigurationList;
			buildConfigurations = (
				845B1294242A19F00049D203 /* Debug */,
				845B1295242A19F00049D203 /* Release */,
			);
			defaultConfigurationIsVisible = 0;
			defaultConfigurationName = Release;
		};
		845B1296242A19F00049D203 /* Build configuration list for PBXNativeTarget "CustomUIComponentUITests" */ = {
			isa = XCConfigurationList;
			buildConfigurations = (
				845B1297242A19F00049D203 /* Debug */,
				845B1298242A19F00049D203 /* Release */,
			);
			defaultConfigurationIsVisible = 0;
			defaultConfigurationName = Release;
		};
/* End XCConfigurationList section */

/* Begin XCVersionGroup section */
		845B126F242A19ED0049D203 /* CustomUIComponent.xcdatamodeld */ = {
			isa = XCVersionGroup;
			children = (
				845B1270242A19ED0049D203 /* CustomUIComponent.xcdatamodel */,
			);
			currentVersion = 845B1270242A19ED0049D203 /* CustomUIComponent.xcdatamodel */;
			path = CustomUIComponent.xcdatamodeld;
			sourceTree = "<group>";
			versionGroupType = wrapper.xcdatamodel;
		};
/* End XCVersionGroup section */
	};
	rootObject = 845B125B242A19ED0049D203 /* Project object */;
}
